
Microsoft Visual Studio Solution File, Format Version 12.00
Project("{2150E333-8FDC-42A3-9474-1A3956D46DE8}") = "Tests", "Tests", "{7F5A255A-DBDE-4B5A-A8FF-CF4525439DCD}"
EndProject
Project("{2150E333-8FDC-42A3-9474-1A3956D46DE8}") = "src", "src", "{AA87E180-61E2-49BC-A964-81FE46BCDEDB}"
EndProject
Project("{FAE04EC0-301F-11D3-BF4B-00C04F79EFBC}") = "Chest.API", "src\Chest.API\Chest.API.csproj", "{5F859D5D-2894-4551-91EC-47A36BA71397}"
EndProject
Project("{FAE04EC0-301F-11D3-BF4B-00C04F79EFBC}") = "Chest.Application", "src\Chest.Application\Chest.Application.csproj", "{EF2894FF-EF3A-45CE-941B-D663AD8B272B}"
EndProject
Project("{FAE04EC0-301F-11D3-BF4B-00C04F79EFBC}") = "Chest.Domain", "src\Chest.Domain\Chest.Domain.csproj", "{D23EAAB6-A94E-45AC-86C8-B38167E962D0}"
EndProject
Project("{FAE04EC0-301F-11D3-BF4B-00C04F79EFBC}") = "Chest.Infrastructure", "src\Chest.Infrastructure\Chest.Infrastructure.csproj", "{2D79C762-CD2D-4B6A-A5C3-B62C5CFD8AA9}"
EndProject
Project("{FAE04EC0-301F-11D3-BF4B-00C04F79EFBC}") = "Chest.Exception", "src\Chest.Exception\Chest.Exception.csproj", "{781FC3CB-2AFE-4A25-8907-AD62A8DA93FC}"
EndProject
Project("{FAE04EC0-301F-11D3-BF4B-00C04F79EFBC}") = "Chest.Tests", "Chest.Tests\Chest.Tests.csproj", "{52A1B608-F304-475E-90C6-E2AC842191B2}"
EndProject
Global
	GlobalSection(SolutionConfigurationPlatforms) = preSolution
		Debug|Any CPU = Debug|Any CPU
		Release|Any CPU = Release|Any CPU
	EndGlobalSection
	GlobalSection(ProjectConfigurationPlatforms) = postSolution
		{5F859D5D-2894-4551-91EC-47A36BA71397}.Debug|Any CPU.ActiveCfg = Debug|Any CPU
		{5F859D5D-2894-4551-91EC-47A36BA71397}.Debug|Any CPU.Build.0 = Debug|Any CPU
		{5F859D5D-2894-4551-91EC-47A36BA71397}.Release|Any CPU.ActiveCfg = Release|Any CPU
		{5F859D5D-2894-4551-91EC-47A36BA71397}.Release|Any CPU.Build.0 = Release|Any CPU
		{EF2894FF-EF3A-45CE-941B-D663AD8B272B}.Debug|Any CPU.ActiveCfg = Debug|Any CPU
		{EF2894FF-EF3A-45CE-941B-D663AD8B272B}.Debug|Any CPU.Build.0 = Debug|Any CPU
		{EF2894FF-EF3A-45CE-941B-D663AD8B272B}.Release|Any CPU.ActiveCfg = Release|Any CPU
		{EF2894FF-EF3A-45CE-941B-D663AD8B272B}.Release|Any CPU.Build.0 = Release|Any CPU
		{D23EAAB6-A94E-45AC-86C8-B38167E962D0}.Debug|Any CPU.ActiveCfg = Debug|Any CPU
		{D23EAAB6-A94E-45AC-86C8-B38167E962D0}.Debug|Any CPU.Build.0 = Debug|Any CPU
		{D23EAAB6-A94E-45AC-86C8-B38167E962D0}.Release|Any CPU.ActiveCfg = Release|Any CPU
		{D23EAAB6-A94E-45AC-86C8-B38167E962D0}.Release|Any CPU.Build.0 = Release|Any CPU
		{2D79C762-CD2D-4B6A-A5C3-B62C5CFD8AA9}.Debug|Any CPU.ActiveCfg = Debug|Any CPU
		{2D79C762-CD2D-4B6A-A5C3-B62C5CFD8AA9}.Debug|Any CPU.Build.0 = Debug|Any CPU
		{2D79C762-CD2D-4B6A-A5C3-B62C5CFD8AA9}.Release|Any CPU.ActiveCfg = Release|Any CPU
		{2D79C762-CD2D-4B6A-A5C3-B62C5CFD8AA9}.Release|Any CPU.Build.0 = Release|Any CPU
		{781FC3CB-2AFE-4A25-8907-AD62A8DA93FC}.Debug|Any CPU.ActiveCfg = Debug|Any CPU
		{781FC3CB-2AFE-4A25-8907-AD62A8DA93FC}.Debug|Any CPU.Build.0 = Debug|Any CPU
		{781FC3CB-2AFE-4A25-8907-AD62A8DA93FC}.Release|Any CPU.ActiveCfg = Release|Any CPU
		{781FC3CB-2AFE-4A25-8907-AD62A8DA93FC}.Release|Any CPU.Build.0 = Release|Any CPU
		{52A1B608-F304-475E-90C6-E2AC842191B2}.Debug|Any CPU.ActiveCfg = Debug|Any CPU
		{52A1B608-F304-475E-90C6-E2AC842191B2}.Debug|Any CPU.Build.0 = Debug|Any CPU
		{52A1B608-F304-475E-90C6-E2AC842191B2}.Release|Any CPU.ActiveCfg = Release|Any CPU
		{52A1B608-F304-475E-90C6-E2AC842191B2}.Release|Any CPU.Build.0 = Release|Any CPU
	EndGlobalSection
	GlobalSection(NestedProjects) = preSolution
		{5F859D5D-2894-4551-91EC-47A36BA71397} = {AA87E180-61E2-49BC-A964-81FE46BCDEDB}
		{EF2894FF-EF3A-45CE-941B-D663AD8B272B} = {AA87E180-61E2-49BC-A964-81FE46BCDEDB}
		{D23EAAB6-A94E-45AC-86C8-B38167E962D0} = {AA87E180-61E2-49BC-A964-81FE46BCDEDB}
		{2D79C762-CD2D-4B6A-A5C3-B62C5CFD8AA9} = {AA87E180-61E2-49BC-A964-81FE46BCDEDB}
		{781FC3CB-2AFE-4A25-8907-AD62A8DA93FC} = {AA87E180-61E2-49BC-A964-81FE46BCDEDB}
		{52A1B608-F304-475E-90C6-E2AC842191B2} = {7F5A255A-DBDE-4B5A-A8FF-CF4525439DCD}
	EndGlobalSection
EndGlobal
